
Microsoft Visual Studio Solution File, Format Version 12.00
# Visual Studio Version 17
VisualStudioVersion = 17.0.31903.59
MinimumVisualStudioVersion = 10.0.40219.1
Project("{2150E333-8FDC-42A3-9474-1A3956D46DE8}") = "src", "src", "{827E0CD3-B72D-47B6-A68D-7590B98EB39B}"
EndProject
Project("{2150E333-8FDC-42A3-9474-1A3956D46DE8}") = "Catalog", "Catalog", "{AE156C2D-CEB6-2932-52E1-7BB3F5577BA2}"
EndProject
Project("{FAE04EC0-301F-11D3-BF4B-00C04F79EFBC}") = "Catalog.Domain", "src\Catalog\Catalog.Domain\Catalog.Domain.csproj", "{049B4651-EE25-4F98-8E10-A01F599DB4D4}"
EndProject
Project("{FAE04EC0-301F-11D3-BF4B-00C04F79EFBC}") = "Catalog.Application", "src\Catalog\Catalog.Application\Catalog.Application.csproj", "{631D1FF5-BE89-49E1-9019-C11BC7CAB5A9}"
EndProject
Project("{FAE04EC0-301F-11D3-BF4B-00C04F79EFBC}") = "Catalog.Infrastructure", "src\Catalog\Catalog.Infrastructure\Catalog.Infrastructure.csproj", "{966C7FDC-983E-459D-821C-3FB8F3C2CEC0}"
EndProject
Project("{FAE04EC0-301F-11D3-BF4B-00C04F79EFBC}") = "Catalog.Api", "src\Catalog\Catalog.Api\Catalog.Api.csproj", "{6C9DEFA4-5C5C-499D-9B12-184C655ADEBE}"
EndProject
Project("{2150E333-8FDC-42A3-9474-1A3956D46DE8}") = "PDF", "PDF", "{4FE35927-F6DB-7480-F103-600B985A179D}"
EndProject
Project("{FAE04EC0-301F-11D3-BF4B-00C04F79EFBC}") = "PDF.Domain", "src\PDF\PDF.Domain\PDF.Domain.csproj", "{84F99B13-4CB5-4911-9994-55DAA53737B6}"
EndProject
Project("{FAE04EC0-301F-11D3-BF4B-00C04F79EFBC}") = "PDF.Application", "src\PDF\PDF.Application\PDF.Application.csproj", "{60AF937A-4020-4EA8-AE6E-4321ACD12346}"
EndProject
Project("{FAE04EC0-301F-11D3-BF4B-00C04F79EFBC}") = "PDF.Infrastructure", "src\PDF\PDF.Infrastructure\PDF.Infrastructure.csproj", "{92B1A912-4936-422B-8D89-5ACEEB4D38F5}"
EndProject
Project("{FAE04EC0-301F-11D3-BF4B-00C04F79EFBC}") = "PDF.Api", "src\PDF\PDF.Api\PDF.Api.csproj", "{8A83B207-9CD4-4776-8B54-41949E412974}"
EndProject
Project("{2150E333-8FDC-42A3-9474-1A3956D46DE8}") = "Agenda", "Agenda", "{BDF409A2-64D3-6CE5-5F23-14B61AC78499}"
EndProject
Project("{FAE04EC0-301F-11D3-BF4B-00C04F79EFBC}") = "Agenda.Domain", "src\Agenda\Agenda.Domain\Agenda.Domain.csproj", "{2BB2DDFE-3AF7-4059-8856-B5AA8E382751}"
EndProject
Project("{FAE04EC0-301F-11D3-BF4B-00C04F79EFBC}") = "Agenda.Application", "src\Agenda\Agenda.Application\Agenda.Application.csproj", "{7CB74A23-981E-4909-90F5-46689099DB71}"
EndProject
Project("{FAE04EC0-301F-11D3-BF4B-00C04F79EFBC}") = "Agenda.Infrastructure", "src\Agenda\Agenda.Infrastructure\Agenda.Infrastructure.csproj", "{B70B36FF-6A6C-4768-83A5-B48FB5CAB7F9}"
EndProject
Project("{FAE04EC0-301F-11D3-BF4B-00C04F79EFBC}") = "Agenda.Api", "src\Agenda\Agenda.Api\Agenda.Api.csproj", "{B80CB4DF-C5B3-46B3-869C-BCA002101027}"
EndProject
Project("{2150E333-8FDC-42A3-9474-1A3956D46DE8}") = "Web", "Web", "{03997797-E7F5-0643-168D-B8EA7178C2FE}"
EndProject
Project("{FAE04EC0-301F-11D3-BF4B-00C04F79EFBC}") = "InvestorScheduling.Web", "src\Web\InvestorScheduling.Web\InvestorScheduling.Web.csproj", "{AEFBBE5F-F821-4D1E-AFD9-1AEFECD25D9A}"
EndProject
Project("{2150E333-8FDC-42A3-9474-1A3956D46DE8}") = "tests", "tests", "{0AB3BF05-4346-4AA6-1389-037BE0695223}"
EndProject
Project("{FAE04EC0-301F-11D3-BF4B-00C04F79EFBC}") = "Agenda.Tests", "tests\Agenda.Tests\Agenda.Tests.csproj", "{89100434-86CA-4D3F-BB1D-A7B7BE002C42}"
EndProject
Global
	GlobalSection(SolutionConfigurationPlatforms) = preSolution
		Debug|Any CPU = Debug|Any CPU
		Debug|x64 = Debug|x64
		Debug|x86 = Debug|x86
		Release|Any CPU = Release|Any CPU
		Release|x64 = Release|x64
		Release|x86 = Release|x86
	EndGlobalSection
	GlobalSection(ProjectConfigurationPlatforms) = postSolution
		{049B4651-EE25-4F98-8E10-A01F599DB4D4}.Debug|Any CPU.ActiveCfg = Debug|Any CPU
		{049B4651-EE25-4F98-8E10-A01F599DB4D4}.Debug|Any CPU.Build.0 = Debug|Any CPU
		{049B4651-EE25-4F98-8E10-A01F599DB4D4}.Debug|x64.ActiveCfg = Debug|Any CPU
		{049B4651-EE25-4F98-8E10-A01F599DB4D4}.Debug|x64.Build.0 = Debug|Any CPU
		{049B4651-EE25-4F98-8E10-A01F599DB4D4}.Debug|x86.ActiveCfg = Debug|Any CPU
		{049B4651-EE25-4F98-8E10-A01F599DB4D4}.Debug|x86.Build.0 = Debug|Any CPU
		{049B4651-EE25-4F98-8E10-A01F599DB4D4}.Release|Any CPU.ActiveCfg = Release|Any CPU
		{049B4651-EE25-4F98-8E10-A01F599DB4D4}.Release|Any CPU.Build.0 = Release|Any CPU
		{049B4651-EE25-4F98-8E10-A01F599DB4D4}.Release|x64.ActiveCfg = Release|Any CPU
		{049B4651-EE25-4F98-8E10-A01F599DB4D4}.Release|x64.Build.0 = Release|Any CPU
		{049B4651-EE25-4F98-8E10-A01F599DB4D4}.Release|x86.ActiveCfg = Release|Any CPU
		{049B4651-EE25-4F98-8E10-A01F599DB4D4}.Release|x86.Build.0 = Release|Any CPU
		{631D1FF5-BE89-49E1-9019-C11BC7CAB5A9}.Debug|Any CPU.ActiveCfg = Debug|Any CPU
		{631D1FF5-BE89-49E1-9019-C11BC7CAB5A9}.Debug|Any CPU.Build.0 = Debug|Any CPU
		{631D1FF5-BE89-49E1-9019-C11BC7CAB5A9}.Debug|x64.ActiveCfg = Debug|Any CPU
		{631D1FF5-BE89-49E1-9019-C11BC7CAB5A9}.Debug|x64.Build.0 = Debug|Any CPU
		{631D1FF5-BE89-49E1-9019-C11BC7CAB5A9}.Debug|x86.ActiveCfg = Debug|Any CPU
		{631D1FF5-BE89-49E1-9019-C11BC7CAB5A9}.Debug|x86.Build.0 = Debug|Any CPU
		{631D1FF5-BE89-49E1-9019-C11BC7CAB5A9}.Release|Any CPU.ActiveCfg = Release|Any CPU
		{631D1FF5-BE89-49E1-9019-C11BC7CAB5A9}.Release|Any CPU.Build.0 = Release|Any CPU
		{631D1FF5-BE89-49E1-9019-C11BC7CAB5A9}.Release|x64.ActiveCfg = Release|Any CPU
		{631D1FF5-BE89-49E1-9019-C11BC7CAB5A9}.Release|x64.Build.0 = Release|Any CPU
		{631D1FF5-BE89-49E1-9019-C11BC7CAB5A9}.Release|x86.ActiveCfg = Release|Any CPU
		{631D1FF5-BE89-49E1-9019-C11BC7CAB5A9}.Release|x86.Build.0 = Release|Any CPU
		{966C7FDC-983E-459D-821C-3FB8F3C2CEC0}.Debug|Any CPU.ActiveCfg = Debug|Any CPU
		{966C7FDC-983E-459D-821C-3FB8F3C2CEC0}.Debug|Any CPU.Build.0 = Debug|Any CPU
		{966C7FDC-983E-459D-821C-3FB8F3C2CEC0}.Debug|x64.ActiveCfg = Debug|Any CPU
		{966C7FDC-983E-459D-821C-3FB8F3C2CEC0}.Debug|x64.Build.0 = Debug|Any CPU
		{966C7FDC-983E-459D-821C-3FB8F3C2CEC0}.Debug|x86.ActiveCfg = Debug|Any CPU
		{966C7FDC-983E-459D-821C-3FB8F3C2CEC0}.Debug|x86.Build.0 = Debug|Any CPU
		{966C7FDC-983E-459D-821C-3FB8F3C2CEC0}.Release|Any CPU.ActiveCfg = Release|Any CPU
		{966C7FDC-983E-459D-821C-3FB8F3C2CEC0}.Release|Any CPU.Build.0 = Release|Any CPU
		{966C7FDC-983E-459D-821C-3FB8F3C2CEC0}.Release|x64.ActiveCfg = Release|Any CPU
		{966C7FDC-983E-459D-821C-3FB8F3C2CEC0}.Release|x64.Build.0 = Release|Any CPU
		{966C7FDC-983E-459D-821C-3FB8F3C2CEC0}.Release|x86.ActiveCfg = Release|Any CPU
		{966C7FDC-983E-459D-821C-3FB8F3C2CEC0}.Release|x86.Build.0 = Release|Any CPU
		{6C9DEFA4-5C5C-499D-9B12-184C655ADEBE}.Debug|Any CPU.ActiveCfg = Debug|Any CPU
		{6C9DEFA4-5C5C-499D-9B12-184C655ADEBE}.Debug|Any CPU.Build.0 = Debug|Any CPU
		{6C9DEFA4-5C5C-499D-9B12-184C655ADEBE}.Debug|x64.ActiveCfg = Debug|Any CPU
		{6C9DEFA4-5C5C-499D-9B12-184C655ADEBE}.Debug|x64.Build.0 = Debug|Any CPU
		{6C9DEFA4-5C5C-499D-9B12-184C655ADEBE}.Debug|x86.ActiveCfg = Debug|Any CPU
		{6C9DEFA4-5C5C-499D-9B12-184C655ADEBE}.Debug|x86.Build.0 = Debug|Any CPU
		{6C9DEFA4-5C5C-499D-9B12-184C655ADEBE}.Release|Any CPU.ActiveCfg = Release|Any CPU
		{6C9DEFA4-5C5C-499D-9B12-184C655ADEBE}.Release|Any CPU.Build.0 = Release|Any CPU
		{6C9DEFA4-5C5C-499D-9B12-184C655ADEBE}.Release|x64.ActiveCfg = Release|Any CPU
		{6C9DEFA4-5C5C-499D-9B12-184C655ADEBE}.Release|x64.Build.0 = Release|Any CPU
		{6C9DEFA4-5C5C-499D-9B12-184C655ADEBE}.Release|x86.ActiveCfg = Release|Any CPU
		{6C9DEFA4-5C5C-499D-9B12-184C655ADEBE}.Release|x86.Build.0 = Release|Any CPU
		{84F99B13-4CB5-4911-9994-55DAA53737B6}.Debug|Any CPU.ActiveCfg = Debug|Any CPU
		{84F99B13-4CB5-4911-9994-55DAA53737B6}.Debug|Any CPU.Build.0 = Debug|Any CPU
		{84F99B13-4CB5-4911-9994-55DAA53737B6}.Debug|x64.ActiveCfg = Debug|Any CPU
		{84F99B13-4CB5-4911-9994-55DAA53737B6}.Debug|x64.Build.0 = Debug|Any CPU
		{84F99B13-4CB5-4911-9994-55DAA53737B6}.Debug|x86.ActiveCfg = Debug|Any CPU
		{84F99B13-4CB5-4911-9994-55DAA53737B6}.Debug|x86.Build.0 = Debug|Any CPU
		{84F99B13-4CB5-4911-9994-55DAA53737B6}.Release|Any CPU.ActiveCfg = Release|Any CPU
		{84F99B13-4CB5-4911-9994-55DAA53737B6}.Release|Any CPU.Build.0 = Release|Any CPU
		{84F99B13-4CB5-4911-9994-55DAA53737B6}.Release|x64.ActiveCfg = Release|Any CPU
		{84F99B13-4CB5-4911-9994-55DAA53737B6}.Release|x64.Build.0 = Release|Any CPU
		{84F99B13-4CB5-4911-9994-55DAA53737B6}.Release|x86.ActiveCfg = Release|Any CPU
		{84F99B13-4CB5-4911-9994-55DAA53737B6}.Release|x86.Build.0 = Release|Any CPU
		{60AF937A-4020-4EA8-AE6E-4321ACD12346}.Debug|Any CPU.ActiveCfg = Debug|Any CPU
		{60AF937A-4020-4EA8-AE6E-4321ACD12346}.Debug|Any CPU.Build.0 = Debug|Any CPU
		{60AF937A-4020-4EA8-AE6E-4321ACD12346}.Debug|x64.ActiveCfg = Debug|Any CPU
		{60AF937A-4020-4EA8-AE6E-4321ACD12346}.Debug|x64.Build.0 = Debug|Any CPU
		{60AF937A-4020-4EA8-AE6E-4321ACD12346}.Debug|x86.ActiveCfg = Debug|Any CPU
		{60AF937A-4020-4EA8-AE6E-4321ACD12346}.Debug|x86.Build.0 = Debug|Any CPU
		{60AF937A-4020-4EA8-AE6E-4321ACD12346}.Release|Any CPU.ActiveCfg = Release|Any CPU
		{60AF937A-4020-4EA8-AE6E-4321ACD12346}.Release|Any CPU.Build.0 = Release|Any CPU
		{60AF937A-4020-4EA8-AE6E-4321ACD12346}.Release|x64.ActiveCfg = Release|Any CPU
		{60AF937A-4020-4EA8-AE6E-4321ACD12346}.Release|x64.Build.0 = Release|Any CPU
		{60AF937A-4020-4EA8-AE6E-4321ACD12346}.Release|x86.ActiveCfg = Release|Any CPU
		{60AF937A-4020-4EA8-AE6E-4321ACD12346}.Release|x86.Build.0 = Release|Any CPU
		{92B1A912-4936-422B-8D89-5ACEEB4D38F5}.Debug|Any CPU.ActiveCfg = Debug|Any CPU
		{92B1A912-4936-422B-8D89-5ACEEB4D38F5}.Debug|Any CPU.Build.0 = Debug|Any CPU
		{92B1A912-4936-422B-8D89-5ACEEB4D38F5}.Debug|x64.ActiveCfg = Debug|Any CPU
		{92B1A912-4936-422B-8D89-5ACEEB4D38F5}.Debug|x64.Build.0 = Debug|Any CPU
		{92B1A912-4936-422B-8D89-5ACEEB4D38F5}.Debug|x86.ActiveCfg = Debug|Any CPU
		{92B1A912-4936-422B-8D89-5ACEEB4D38F5}.Debug|x86.Build.0 = Debug|Any CPU
		{92B1A912-4936-422B-8D89-5ACEEB4D38F5}.Release|Any CPU.ActiveCfg = Release|Any CPU
		{92B1A912-4936-422B-8D89-5ACEEB4D38F5}.Release|Any CPU.Build.0 = Release|Any CPU
		{92B1A912-4936-422B-8D89-5ACEEB4D38F5}.Release|x64.ActiveCfg = Release|Any CPU
		{92B1A912-4936-422B-8D89-5ACEEB4D38F5}.Release|x64.Build.0 = Release|Any CPU
		{92B1A912-4936-422B-8D89-5ACEEB4D38F5}.Release|x86.ActiveCfg = Release|Any CPU
		{92B1A912-4936-422B-8D89-5ACEEB4D38F5}.Release|x86.Build.0 = Release|Any CPU
		{8A83B207-9CD4-4776-8B54-41949E412974}.Debug|Any CPU.ActiveCfg = Debug|Any CPU
		{8A83B207-9CD4-4776-8B54-41949E412974}.Debug|Any CPU.Build.0 = Debug|Any CPU
		{8A83B207-9CD4-4776-8B54-41949E412974}.Debug|x64.ActiveCfg = Debug|Any CPU
		{8A83B207-9CD4-4776-8B54-41949E412974}.Debug|x64.Build.0 = Debug|Any CPU
		{8A83B207-9CD4-4776-8B54-41949E412974}.Debug|x86.ActiveCfg = Debug|Any CPU
		{8A83B207-9CD4-4776-8B54-41949E412974}.Debug|x86.Build.0 = Debug|Any CPU
		{8A83B207-9CD4-4776-8B54-41949E412974}.Release|Any CPU.ActiveCfg = Release|Any CPU
		{8A83B207-9CD4-4776-8B54-41949E412974}.Release|Any CPU.Build.0 = Release|Any CPU
		{8A83B207-9CD4-4776-8B54-41949E412974}.Release|x64.ActiveCfg = Release|Any CPU
		{8A83B207-9CD4-4776-8B54-41949E412974}.Release|x64.Build.0 = Release|Any CPU
		{8A83B207-9CD4-4776-8B54-41949E412974}.Release|x86.ActiveCfg = Release|Any CPU
		{8A83B207-9CD4-4776-8B54-41949E412974}.Release|x86.Build.0 = Release|Any CPU
		{2BB2DDFE-3AF7-4059-8856-B5AA8E382751}.Debug|Any CPU.ActiveCfg = Debug|Any CPU
		{2BB2DDFE-3AF7-4059-8856-B5AA8E382751}.Debug|Any CPU.Build.0 = Debug|Any CPU
		{2BB2DDFE-3AF7-4059-8856-B5AA8E382751}.Debug|x64.ActiveCfg = Debug|Any CPU
		{2BB2DDFE-3AF7-4059-8856-B5AA8E382751}.Debug|x64.Build.0 = Debug|Any CPU
		{2BB2DDFE-3AF7-4059-8856-B5AA8E382751}.Debug|x86.ActiveCfg = Debug|Any CPU
		{2BB2DDFE-3AF7-4059-8856-B5AA8E382751}.Debug|x86.Build.0 = Debug|Any CPU
		{2BB2DDFE-3AF7-4059-8856-B5AA8E382751}.Release|Any CPU.ActiveCfg = Release|Any CPU
		{2BB2DDFE-3AF7-4059-8856-B5AA8E382751}.Release|Any CPU.Build.0 = Release|Any CPU
		{2BB2DDFE-3AF7-4059-8856-B5AA8E382751}.Release|x64.ActiveCfg = Release|Any CPU
		{2BB2DDFE-3AF7-4059-8856-B5AA8E382751}.Release|x64.Build.0 = Release|Any CPU
		{2BB2DDFE-3AF7-4059-8856-B5AA8E382751}.Release|x86.ActiveCfg = Release|Any CPU
		{2BB2DDFE-3AF7-4059-8856-B5AA8E382751}.Release|x86.Build.0 = Release|Any CPU
		{7CB74A23-981E-4909-90F5-46689099DB71}.Debug|Any CPU.ActiveCfg = Debug|Any CPU
		{7CB74A23-981E-4909-90F5-46689099DB71}.Debug|Any CPU.Build.0 = Debug|Any CPU
		{7CB74A23-981E-4909-90F5-46689099DB71}.Debug|x64.ActiveCfg = Debug|Any CPU
		{7CB74A23-981E-4909-90F5-46689099DB71}.Debug|x64.Build.0 = Debug|Any CPU
		{7CB74A23-981E-4909-90F5-46689099DB71}.Debug|x86.ActiveCfg = Debug|Any CPU
		{7CB74A23-981E-4909-90F5-46689099DB71}.Debug|x86.Build.0 = Debug|Any CPU
		{7CB74A23-981E-4909-90F5-46689099DB71}.Release|Any CPU.ActiveCfg = Release|Any CPU
		{7CB74A23-981E-4909-90F5-46689099DB71}.Release|Any CPU.Build.0 = Release|Any CPU
		{7CB74A23-981E-4909-90F5-46689099DB71}.Release|x64.ActiveCfg = Release|Any CPU
		{7CB74A23-981E-4909-90F5-46689099DB71}.Release|x64.Build.0 = Release|Any CPU
		{7CB74A23-981E-4909-90F5-46689099DB71}.Release|x86.ActiveCfg = Release|Any CPU
		{7CB74A23-981E-4909-90F5-46689099DB71}.Release|x86.Build.0 = Release|Any CPU
		{B70B36FF-6A6C-4768-83A5-B48FB5CAB7F9}.Debug|Any CPU.ActiveCfg = Debug|Any CPU
		{B70B36FF-6A6C-4768-83A5-B48FB5CAB7F9}.Debug|Any CPU.Build.0 = Debug|Any CPU
		{B70B36FF-6A6C-4768-83A5-B48FB5CAB7F9}.Debug|x64.ActiveCfg = Debug|Any CPU
		{B70B36FF-6A6C-4768-83A5-B48FB5CAB7F9}.Debug|x64.Build.0 = Debug|Any CPU
		{B70B36FF-6A6C-4768-83A5-B48FB5CAB7F9}.Debug|x86.ActiveCfg = Debug|Any CPU
		{B70B36FF-6A6C-4768-83A5-B48FB5CAB7F9}.Debug|x86.Build.0 = Debug|Any CPU
		{B70B36FF-6A6C-4768-83A5-B48FB5CAB7F9}.Release|Any CPU.ActiveCfg = Release|Any CPU
		{B70B36FF-6A6C-4768-83A5-B48FB5CAB7F9}.Release|Any CPU.Build.0 = Release|Any CPU
		{B70B36FF-6A6C-4768-83A5-B48FB5CAB7F9}.Release|x64.ActiveCfg = Release|Any CPU
		{B70B36FF-6A6C-4768-83A5-B48FB5CAB7F9}.Release|x64.Build.0 = Release|Any CPU
		{B70B36FF-6A6C-4768-83A5-B48FB5CAB7F9}.Release|x86.ActiveCfg = Release|Any CPU
		{B70B36FF-6A6C-4768-83A5-B48FB5CAB7F9}.Release|x86.Build.0 = Release|Any CPU
		{B80CB4DF-C5B3-46B3-869C-BCA002101027}.Debug|Any CPU.ActiveCfg = Debug|Any CPU
		{B80CB4DF-C5B3-46B3-869C-BCA002101027}.Debug|Any CPU.Build.0 = Debug|Any CPU
		{B80CB4DF-C5B3-46B3-869C-BCA002101027}.Debug|x64.ActiveCfg = Debug|Any CPU
		{B80CB4DF-C5B3-46B3-869C-BCA002101027}.Debug|x64.Build.0 = Debug|Any CPU
		{B80CB4DF-C5B3-46B3-869C-BCA002101027}.Debug|x86.ActiveCfg = Debug|Any CPU
		{B80CB4DF-C5B3-46B3-869C-BCA002101027}.Debug|x86.Build.0 = Debug|Any CPU
		{B80CB4DF-C5B3-46B3-869C-BCA002101027}.Release|Any CPU.ActiveCfg = Release|Any CPU
		{B80CB4DF-C5B3-46B3-869C-BCA002101027}.Release|Any CPU.Build.0 = Release|Any CPU
		{B80CB4DF-C5B3-46B3-869C-BCA002101027}.Release|x64.ActiveCfg = Release|Any CPU
		{B80CB4DF-C5B3-46B3-869C-BCA002101027}.Release|x64.Build.0 = Release|Any CPU
		{B80CB4DF-C5B3-46B3-869C-BCA002101027}.Release|x86.ActiveCfg = Release|Any CPU
		{B80CB4DF-C5B3-46B3-869C-BCA002101027}.Release|x86.Build.0 = Release|Any CPU
		{AEFBBE5F-F821-4D1E-AFD9-1AEFECD25D9A}.Debug|Any CPU.ActiveCfg = Debug|Any CPU
		{AEFBBE5F-F821-4D1E-AFD9-1AEFECD25D9A}.Debug|Any CPU.Build.0 = Debug|Any CPU
		{AEFBBE5F-F821-4D1E-AFD9-1AEFECD25D9A}.Debug|x64.ActiveCfg = Debug|Any CPU
		{AEFBBE5F-F821-4D1E-AFD9-1AEFECD25D9A}.Debug|x64.Build.0 = Debug|Any CPU
		{AEFBBE5F-F821-4D1E-AFD9-1AEFECD25D9A}.Debug|x86.ActiveCfg = Debug|Any CPU
		{AEFBBE5F-F821-4D1E-AFD9-1AEFECD25D9A}.Debug|x86.Build.0 = Debug|Any CPU
		{AEFBBE5F-F821-4D1E-AFD9-1AEFECD25D9A}.Release|Any CPU.ActiveCfg = Release|Any CPU
		{AEFBBE5F-F821-4D1E-AFD9-1AEFECD25D9A}.Release|Any CPU.Build.0 = Release|Any CPU
		{AEFBBE5F-F821-4D1E-AFD9-1AEFECD25D9A}.Release|x64.ActiveCfg = Release|Any CPU
		{AEFBBE5F-F821-4D1E-AFD9-1AEFECD25D9A}.Release|x64.Build.0 = Release|Any CPU
		{AEFBBE5F-F821-4D1E-AFD9-1AEFECD25D9A}.Release|x86.ActiveCfg = Release|Any CPU
		{AEFBBE5F-F821-4D1E-AFD9-1AEFECD25D9A}.Release|x86.Build.0 = Release|Any CPU
		{89100434-86CA-4D3F-BB1D-A7B7BE002C42}.Debug|Any CPU.ActiveCfg = Debug|Any CPU
		{89100434-86CA-4D3F-BB1D-A7B7BE002C42}.Debug|Any CPU.Build.0 = Debug|Any CPU
		{89100434-86CA-4D3F-BB1D-A7B7BE002C42}.Debug|x64.ActiveCfg = Debug|Any CPU
		{89100434-86CA-4D3F-BB1D-A7B7BE002C42}.Debug|x64.Build.0 = Debug|Any CPU
		{89100434-86CA-4D3F-BB1D-A7B7BE002C42}.Debug|x86.ActiveCfg = Debug|Any CPU
		{89100434-86CA-4D3F-BB1D-A7B7BE002C42}.Debug|x86.Build.0 = Debug|Any CPU
		{89100434-86CA-4D3F-BB1D-A7B7BE002C42}.Release|Any CPU.ActiveCfg = Release|Any CPU
		{89100434-86CA-4D3F-BB1D-A7B7BE002C42}.Release|Any CPU.Build.0 = Release|Any CPU
		{89100434-86CA-4D3F-BB1D-A7B7BE002C42}.Release|x64.ActiveCfg = Release|Any CPU
		{89100434-86CA-4D3F-BB1D-A7B7BE002C42}.Release|x64.Build.0 = Release|Any CPU
		{89100434-86CA-4D3F-BB1D-A7B7BE002C42}.Release|x86.ActiveCfg = Release|Any CPU
		{89100434-86CA-4D3F-BB1D-A7B7BE002C42}.Release|x86.Build.0 = Release|Any CPU
	EndGlobalSection
	GlobalSection(SolutionProperties) = preSolution
		HideSolutionNode = FALSE
	EndGlobalSection
	GlobalSection(NestedProjects) = preSolution
		{AE156C2D-CEB6-2932-52E1-7BB3F5577BA2} = {827E0CD3-B72D-47B6-A68D-7590B98EB39B}
		{049B4651-EE25-4F98-8E10-A01F599DB4D4} = {AE156C2D-CEB6-2932-52E1-7BB3F5577BA2}
		{631D1FF5-BE89-49E1-9019-C11BC7CAB5A9} = {AE156C2D-CEB6-2932-52E1-7BB3F5577BA2}
		{966C7FDC-983E-459D-821C-3FB8F3C2CEC0} = {AE156C2D-CEB6-2932-52E1-7BB3F5577BA2}
		{6C9DEFA4-5C5C-499D-9B12-184C655ADEBE} = {AE156C2D-CEB6-2932-52E1-7BB3F5577BA2}
		{4FE35927-F6DB-7480-F103-600B985A179D} = {827E0CD3-B72D-47B6-A68D-7590B98EB39B}
		{84F99B13-4CB5-4911-9994-55DAA53737B6} = {4FE35927-F6DB-7480-F103-600B985A179D}
		{60AF937A-4020-4EA8-AE6E-4321ACD12346} = {4FE35927-F6DB-7480-F103-600B985A179D}
		{92B1A912-4936-422B-8D89-5ACEEB4D38F5} = {4FE35927-F6DB-7480-F103-600B985A179D}
		{8A83B207-9CD4-4776-8B54-41949E412974} = {4FE35927-F6DB-7480-F103-600B985A179D}
		{BDF409A2-64D3-6CE5-5F23-14B61AC78499} = {827E0CD3-B72D-47B6-A68D-7590B98EB39B}
		{2BB2DDFE-3AF7-4059-8856-B5AA8E382751} = {BDF409A2-64D3-6CE5-5F23-14B61AC78499}
		{7CB74A23-981E-4909-90F5-46689099DB71} = {BDF409A2-64D3-6CE5-5F23-14B61AC78499}
		{B70B36FF-6A6C-4768-83A5-B48FB5CAB7F9} = {BDF409A2-64D3-6CE5-5F23-14B61AC78499}
		{B80CB4DF-C5B3-46B3-869C-BCA002101027} = {BDF409A2-64D3-6CE5-5F23-14B61AC78499}
		{03997797-E7F5-0643-168D-B8EA7178C2FE} = {827E0CD3-B72D-47B6-A68D-7590B98EB39B}
		{AEFBBE5F-F821-4D1E-AFD9-1AEFECD25D9A} = {03997797-E7F5-0643-168D-B8EA7178C2FE}
		{89100434-86CA-4D3F-BB1D-A7B7BE002C42} = {0AB3BF05-4346-4AA6-1389-037BE0695223}
	EndGlobalSection
EndGlobal
